
Microsoft Visual Studio Solution File, Format Version 12.00
# Visual Studio Version 16
VisualStudioVersion = 16.0.29409.12
MinimumVisualStudioVersion = 10.0.40219.1
Project("{FAE04EC0-301F-11D3-BF4B-00C04F79EFBC}") = "Patient-Monitoring-System", "Patient-Monitoring-System\Patient-Monitoring-System.csproj", "{147731C9-13B1-4197-9DCE-31652583BB2E}"
EndProject
Global
	GlobalSection(SolutionConfigurationPlatforms) = preSolution
		Debug|Any CPU = Debug|Any CPU
		Release|Any CPU = Release|Any CPU
	EndGlobalSection
	GlobalSection(ProjectConfigurationPlatforms) = postSolution
		{147731C9-13B1-4197-9DCE-31652583BB2E}.Debug|Any CPU.ActiveCfg = Debug|Any CPU
		{147731C9-13B1-4197-9DCE-31652583BB2E}.Debug|Any CPU.Build.0 = Debug|Any CPU
		{147731C9-13B1-4197-9DCE-31652583BB2E}.Release|Any CPU.ActiveCfg = Release|Any CPU
		{147731C9-13B1-4197-9DCE-31652583BB2E}.Release|Any CPU.Build.0 = Release|Any CPU
	EndGlobalSection
	GlobalSection(SolutionProperties) = preSolution
		HideSolutionNode = FALSE
	EndGlobalSection
	GlobalSection(ExtensibilityGlobals) = postSolution
		SolutionGuid = {E8DEE9DF-12D2-49C9-BAB8-BEA295611B21}
	EndGlobalSection
EndGlobal
